<?xml version="1.0"?>
<CONFIG>
  <ProjectOptions>
    <PathDelim Value="\"/>
    <Version Value="7"/>
    <General>
      <Flags>
        <LRSInOutputDirectory Value="False"/>
      </Flags>
      <MainUnit Value="0"/>
      <TargetFileExt Value=".exe"/>
      <Title Value="opendocwrite"/>
      <UseAppBundle Value="False"/>
      <ActiveEditorIndexAtStart Value="1"/>
    </General>
    <VersionInfo>
      <ProjectVersion Value=""/>
    </VersionInfo>
    <PublishOptions>
      <Version Value="2"/>
      <IgnoreBinaries Value="False"/>
      <IncludeFileFilter Value="*.(pas|pp|inc|lfm|lpr|lrs|lpi|lpk|sh|xml)"/>
      <ExcludeFileFilter Value="*.(bak|ppu|ppw|o|so);*~;backup"/>
    </PublishOptions>
    <RunParams>
      <local>
        <FormatVersion Value="1"/>
        <LaunchingApplication PathPlusParams="\usr\X11R6\bin\xterm -T 'Lazarus Run Output' -e $(LazarusDir)\tools\runwait.sh $(TargetCmdLine)"/>
      </local>
    </RunParams>
    <RequiredPackages Count="1">
      <Item1>
        <PackageName Value="laz_fpspreadsheet"/>
      </Item1>
    </RequiredPackages>
    <Units Count="15">
      <Unit0>
        <Filename Value="opendocwrite.lpr"/>
        <IsPartOfProject Value="True"/>
        <UnitName Value="opendocwrite"/>
        <CursorPos X="9" Y="30"/>
        <TopLine Value="8"/>
        <EditorIndex Value="0"/>
        <UsageCount Value="309"/>
        <Loaded Value="True"/>
      </Unit0>
      <Unit1>
        <Filename Value="..\fpolestorage.pas"/>
        <UnitName Value="fpolestorage"/>
        <CursorPos X="1" Y="1"/>
        <TopLine Value="1"/>
        <UsageCount Value="19"/>
      </Unit1>
      <Unit2>
        <Filename Value="..\..\..\..\..\lazarus\lcl\interfaces\win32\win32wsstdctrls.pp"/>
        <UnitName Value="Win32WSStdCtrls"/>
        <CursorPos X="35" Y="720"/>
        <TopLine Value="713"/>
        <UsageCount Value="76"/>
      </Unit2>
      <Unit3>
        <Filename Value="..\..\..\..\..\lazarus\ideintf\componenteditors.pas"/>
        <UnitName Value="ComponentEditors"/>
        <CursorPos X="40" Y="332"/>
        <TopLine Value="330"/>
        <UsageCount Value="74"/>
      </Unit3>
      <Unit4>
        <Filename Value="..\..\xlsbiff5.pas"/>
        <UnitName Value="xlsbiff5"/>
        <CursorPos X="26" Y="95"/>
        <TopLine Value="92"/>
        <EditorIndex Value="6"/>
        <UsageCount Value="140"/>
        <Loaded Value="True"/>
      </Unit4>
      <Unit5>
        <Filename Value="..\..\fpsutils.pas"/>
        <UnitName Value="fpsutils"/>
        <CursorPos X="1" Y="49"/>
        <TopLine Value="30"/>
        <EditorIndex Value="5"/>
        <UsageCount Value="140"/>
        <Loaded Value="True"/>
      </Unit5>
      <Unit6>
        <Filename Value="..\..\xlsbiff2.pas"/>
        <UnitName Value="xlsbiff2"/>
        <CursorPos X="1" Y="16"/>
        <TopLine Value="1"/>
        <EditorIndex Value="7"/>
        <UsageCount Value="139"/>
        <Loaded Value="True"/>
      </Unit6>
      <Unit7>
        <Filename Value="..\..\fpolestorage.pas"/>
        <UnitName Value="fpolestorage"/>
        <CursorPos X="30" Y="654"/>
        <TopLine Value="642"/>
        <EditorIndex Value="8"/>
        <UsageCount Value="139"/>
        <Loaded Value="True"/>
      </Unit7>
      <Unit8>
        <Filename Value="..\..\..\..\..\lazarus26\fpc\2.2.2\source\rtl\objpas\classes\classesh.inc"/>
        <CursorPos X="19" Y="562"/>
        <TopLine Value="553"/>
        <UsageCount Value="41"/>
      </Unit8>
      <Unit9>
        <Filename Value="..\..\..\..\..\lazarus26\fpc\2.2.2\source\rtl\objpas\classes\streams.inc"/>
        <CursorPos X="21" Y="158"/>
        <TopLine Value="151"/>
        <UsageCount Value="41"/>
      </Unit9>
      <Unit10>
        <Filename Value="..\..\fpspreadsheet.pas"/>
        <UnitName Value="fpspreadsheet"/>
        <CursorPos X="1" Y="759"/>
        <TopLine Value="746"/>
        <EditorIndex Value="4"/>
        <UsageCount Value="95"/>
        <Loaded Value="True"/>
      </Unit10>
      <Unit11>
        <Filename Value="..\..\..\..\..\lazarus\lcl\include\customtrayicon.inc"/>
        <CursorPos X="22" Y="203"/>
        <TopLine Value="197"/>
        <UsageCount Value="67"/>
      </Unit11>
      <Unit12>
        <Filename Value="..\..\fpsopendocument.pas"/>
        <UnitName Value="fpsopendocument"/>
        <CursorPos X="7" Y="296"/>
        <TopLine Value="275"/>
        <EditorIndex Value="1"/>
        <UsageCount Value="13"/>
        <Loaded Value="True"/>
      </Unit12>
      <Unit13>
        <Filename Value="..\..\xlsxooxml.pas"/>
        <UnitName Value="xlsxooxml"/>
        <CursorPos X="1" Y="268"/>
        <TopLine Value="253"/>
        <EditorIndex Value="3"/>
        <UsageCount Value="13"/>
        <Loaded Value="True"/>
      </Unit13>
      <Unit14>
        <Filename Value="..\..\..\..\..\..\..\..\usr\local\share\fpcsrc\rtl\objpas\sysutils\sysstrh.inc"/>
        <CursorPos X="10" Y="154"/>
        <TopLine Value="141"/>
        <EditorIndex Value="2"/>
        <UsageCount Value="10"/>
        <Loaded Value="True"/>
      </Unit14>
    </Units>
    <JumpHistory Count="30" HistoryIndex="29">
      <Position1>
        <Filename Value="..\..\fpsopendocument.pas"/>
        <Caret Line="265" Column="28" TopLine="253"/>
      </Position1>
      <Position2>
        <Filename Value="..\..\fpsopendocument.pas"/>
        <Caret Line="313" Column="1" TopLine="301"/>
      </Position2>
      <Position3>
        <Filename Value="..\..\fpsopendocument.pas"/>
        <Caret Line="41" Column="45" TopLine="37"/>
      </Position3>
      <Position4>
        <Filename Value="..\..\fpsopendocument.pas"/>
        <Caret Line="355" Column="5" TopLine="331"/>
      </Position4>
      <Position5>
        <Filename Value="..\..\fpsopendocument.pas"/>
        <Caret Line="311" Column="1" TopLine="299"/>
      </Position5>
      <Position6>
        <Filename Value="..\..\fpsopendocument.pas"/>
        <Caret Line="260" Column="28" TopLine="249"/>
      </Position6>
      <Position7>
        <Filename Value="..\..\fpspreadsheet.pas"/>
        <Caret Line="365" Column="5" TopLine="340"/>
      </Position7>
      <Position8>
        <Filename Value="..\..\fpsopendocument.pas"/>
        <Caret Line="290" Column="5" TopLine="265"/>
      </Position8>
      <Position9>
        <Filename Value="..\..\fpsopendocument.pas"/>
        <Caret Line="380" Column="74" TopLine="363"/>
      </Position9>
      <Position10>
        <Filename Value="..\..\fpsopendocument.pas"/>
        <Caret Line="278" Column="1" TopLine="265"/>
      </Position10>
      <Position11>
        <Filename Value="..\..\fpsopendocument.pas"/>
        <Caret Line="279" Column="1" TopLine="266"/>
      </Position11>
      <Position12>
        <Filename Value="..\..\fpsopendocument.pas"/>
        <Caret Line="283" Column="1" TopLine="270"/>
      </Position12>
      <Position13>
        <Filename Value="..\..\fpsopendocument.pas"/>
        <Caret Line="284" Column="1" TopLine="271"/>
      </Position13>
      <Position14>
        <Filename Value="..\..\fpsopendocument.pas"/>
        <Caret Line="287" Column="1" TopLine="274"/>
      </Position14>
      <Position15>
        <Filename Value="..\..\fpsopendocument.pas"/>
        <Caret Line="289" Column="1" TopLine="276"/>
      </Position15>
      <Position16>
        <Filename Value="..\..\fpsopendocument.pas"/>
        <Caret Line="290" Column="18" TopLine="277"/>
      </Position16>
      <Position17>
        <Filename Value="..\..\fpsopendocument.pas"/>
        <Caret Line="289" Column="1" TopLine="276"/>
      </Position17>
      <Position18>
        <Filename Value="..\..\fpsopendocument.pas"/>
        <Caret Line="290" Column="1" TopLine="277"/>
      </Position18>
      <Position19>
        <Filename Value="..\..\fpsopendocument.pas"/>
        <Caret Line="289" Column="1" TopLine="276"/>
      </Position19>
      <Position20>
        <Filename Value="..\..\fpsopendocument.pas"/>
        <Caret Line="290" Column="1" TopLine="277"/>
      </Position20>
      <Position21>
        <Filename Value="..\..\fpsopendocument.pas"/>
        <Caret Line="289" Column="1" TopLine="276"/>
      </Position21>
      <Position22>
        <Filename Value="..\..\fpsopendocument.pas"/>
        <Caret Line="290" Column="1" TopLine="277"/>
      </Position22>
      <Position23>
        <Filename Value="..\..\fpsopendocument.pas"/>
        <Caret Line="293" Column="1" TopLine="280"/>
      </Position23>
      <Position24>
        <Filename Value="..\..\fpsopendocument.pas"/>
        <Caret Line="295" Column="1" TopLine="282"/>
      </Position24>
      <Position25>
        <Filename Value="..\..\fpsopendocument.pas"/>
        <Caret Line="297" Column="1" TopLine="284"/>
      </Position25>
      <Position26>
        <Filename Value="..\..\fpspreadsheet.pas"/>
        <Caret Line="754" Column="1" TopLine="741"/>
      </Position26>
      <Position27>
        <Filename Value="..\..\fpspreadsheet.pas"/>
        <Caret Line="755" Column="1" TopLine="742"/>
      </Position27>
      <Position28>
        <Filename Value="..\..\fpspreadsheet.pas"/>
        <Caret Line="757" Column="1" TopLine="744"/>
      </Position28>
      <Position29>
        <Filename Value="..\..\fpspreadsheet.pas"/>
        <Caret Line="759" Column="1" TopLine="746"/>
      </Position29>
      <Position30>
        <Filename Value="..\..\fpsopendocument.pas"/>
        <Caret Line="392" Column="1" TopLine="379"/>
      </Position30>
    </JumpHistory>
  </ProjectOptions>
  <CompilerOptions>
    <Version Value="8"/>
    <PathDelim Value="\"/>
    <SearchPaths>
      <OtherUnitFiles Value="..\"/>
      <SrcPath Value="..\"/>
    </SearchPaths>
    <Other>
      <CompilerPath Value="$(CompPath)"/>
    </Other>
  </CompilerOptions>
</CONFIG>
