<?xml version="1.0"?>
<CONFIG>
  <ProjectOptions>
    <PathDelim Value="\"/>
    <Version Value="6"/>
    <General>
      <MainUnit Value="0"/>
      <TargetFileExt Value=".exe"/>
      <ActiveEditorIndexAtStart Value="0"/>
    </General>
    <VersionInfo>
      <ProjectVersion Value=""/>
      <Language Value=""/>
      <CharSet Value=""/>
    </VersionInfo>
    <PublishOptions>
      <Version Value="2"/>
      <IgnoreBinaries Value="False"/>
      <IncludeFileFilter Value="*.(pas|pp|inc|lfm|lpr|lrs|lpi|lpk|sh|xml)"/>
      <ExcludeFileFilter Value="*.(bak|ppu|ppw|o|so);*~;backup"/>
    </PublishOptions>
    <RunParams>
      <local>
        <FormatVersion Value="1"/>
        <LaunchingApplication PathPlusParams="/usr/X11R6/bin/xterm -T 'Lazarus Run Output' -e $(LazarusDir)/tools/runwait.sh $(TargetCmdLine)"/>
      </local>
    </RunParams>
    <RequiredPackages Count="1">
      <Item1>
        <PackageName Value="laz_fpspreadsheet"/>
      </Item1>
    </RequiredPackages>
    <Units Count="15">
      <Unit0>
        <Filename Value="excel5demo.lpr"/>
        <IsPartOfProject Value="True"/>
        <UnitName Value="excel5demo"/>
        <CursorPos X="64" Y="13"/>
        <TopLine Value="3"/>
        <EditorIndex Value="0"/>
        <UsageCount Value="50"/>
        <Loaded Value="True"/>
      </Unit0>
      <Unit1>
        <Filename Value="..\fpspreadsheet.pas"/>
        <UnitName Value="fpspreadsheet"/>
        <CursorPos X="32" Y="414"/>
        <TopLine Value="388"/>
        <UsageCount Value="25"/>
      </Unit1>
      <Unit2>
        <Filename Value="..\xlsbiff5.pas"/>
        <UnitName Value="xlsbiff5"/>
        <CursorPos X="16" Y="320"/>
        <TopLine Value="300"/>
        <UsageCount Value="25"/>
      </Unit2>
      <Unit3>
        <Filename Value="..\..\..\..\..\FPC220\source\packages\base\winunits\activex.pp"/>
        <UnitName Value="ActiveX"/>
        <CursorPos X="27" Y="29"/>
        <TopLine Value="6"/>
        <UsageCount Value="9"/>
      </Unit3>
      <Unit4>
        <Filename Value="..\fpolestorage.pas"/>
        <UnitName Value="fpolestorage"/>
        <CursorPos X="1" Y="1"/>
        <TopLine Value="1"/>
        <UsageCount Value="45"/>
      </Unit4>
      <Unit5>
        <Filename Value="..\..\..\..\..\FPC220\source\rtl\inc\objpash.inc"/>
        <CursorPos X="21" Y="141"/>
        <TopLine Value="131"/>
        <UsageCount Value="9"/>
      </Unit5>
      <Unit6>
        <Filename Value="..\xlsbiff2.pas"/>
        <UnitName Value="xlsbiff2"/>
        <CursorPos X="20" Y="277"/>
        <TopLine Value="260"/>
        <UsageCount Value="18"/>
      </Unit6>
      <Unit7>
        <Filename Value="..\..\..\..\..\FPC220\source\rtl\objpas\classes\classesh.inc"/>
        <CursorPos X="22" Y="1602"/>
        <TopLine Value="1598"/>
        <UsageCount Value="11"/>
      </Unit7>
      <Unit8>
        <Filename Value="..\..\..\..\..\FPC220\source\rtl\win32\buildrtl.pp"/>
        <UnitName Value="buildrtl"/>
        <CursorPos X="29" Y="5"/>
        <TopLine Value="1"/>
        <UsageCount Value="9"/>
      </Unit8>
      <Unit9>
        <Filename Value="..\..\..\..\..\FPC220\source\rtl\objpas\fgl.pp"/>
        <UnitName Value="fgl"/>
        <CursorPos X="15" Y="86"/>
        <TopLine Value="55"/>
        <UsageCount Value="18"/>
      </Unit9>
      <Unit10>
        <Filename Value="..\..\..\..\..\lazarus\lcl\interfaces\win32\win32wsstdctrls.pp"/>
        <UnitName Value="Win32WSStdCtrls"/>
        <CursorPos X="11" Y="737"/>
        <TopLine Value="713"/>
        <EditorIndex Value="2"/>
        <UsageCount Value="14"/>
        <Loaded Value="True"/>
      </Unit10>
      <Unit11>
        <Filename Value="..\..\..\..\..\lazarus\lcl\interfaces\win32\win32wscontrols.pp"/>
        <UnitName Value="Win32WSControls"/>
        <CursorPos X="13" Y="206"/>
        <TopLine Value="199"/>
        <UsageCount Value="12"/>
      </Unit11>
      <Unit12>
        <Filename Value="..\..\..\..\..\lazarus\components\sqlite\registersqlite3.pas"/>
        <UnitName Value="registersqlite3"/>
        <CursorPos X="15" Y="5"/>
        <TopLine Value="1"/>
        <UsageCount Value="11"/>
      </Unit12>
      <Unit13>
        <Filename Value="..\..\..\..\..\lazarus\ideintf\componenteditors.pas"/>
        <UnitName Value="ComponentEditors"/>
        <CursorPos X="54" Y="353"/>
        <TopLine Value="330"/>
        <EditorIndex Value="1"/>
        <UsageCount Value="12"/>
        <Loaded Value="True"/>
      </Unit13>
      <Unit14>
        <Filename Value="..\..\..\..\..\FPC220\source\rtl\objpas\classes\cregist.inc"/>
        <CursorPos X="17" Y="124"/>
        <TopLine Value="121"/>
        <UsageCount Value="11"/>
      </Unit14>
    </Units>
    <JumpHistory Count="4" HistoryIndex="3">
      <Position1>
        <Filename Value="..\..\..\..\..\lazarus\lcl\interfaces\win32\win32wsstdctrls.pp"/>
        <Caret Line="1" Column="1" TopLine="1"/>
      </Position1>
      <Position2>
        <Filename Value="..\..\..\..\..\lazarus\lcl\interfaces\win32\win32wsstdctrls.pp"/>
        <Caret Line="737" Column="11" TopLine="713"/>
      </Position2>
      <Position3>
        <Filename Value="..\..\..\..\..\lazarus\ideintf\componenteditors.pas"/>
        <Caret Line="353" Column="54" TopLine="330"/>
      </Position3>
      <Position4>
        <Filename Value="excel5demo.lpr"/>
        <Caret Line="49" Column="12" TopLine="30"/>
      </Position4>
    </JumpHistory>
  </ProjectOptions>
  <CompilerOptions>
    <Version Value="8"/>
    <PathDelim Value="\"/>
    <SearchPaths>
      <OtherUnitFiles Value="..\"/>
      <SrcPath Value="..\"/>
    </SearchPaths>
    <Other>
      <CompilerPath Value="$(CompPath)"/>
    </Other>
  </CompilerOptions>
</CONFIG>
