<?xml version="1.0" encoding="UTF-8"?>
<CONFIG>
  <ProjectOptions>
    <Version Value="9"/>
    <PathDelim Value="\"/>
    <General>
      <MainUnit Value="0"/>
      <Title Value="fpsgrid"/>
      <UseXPManifest Value="True"/>
      <Icon Value="0"/>
      <ActiveWindowIndexAtStart Value="0"/>
    </General>
    <VersionInfo>
      <Language Value=""/>
      <CharSet Value=""/>
      <StringTable ProductVersion=""/>
    </VersionInfo>
    <BuildModes Count="3" Active="Debug">
      <Item1 Name="default" Default="True"/>
      <Item2 Name="Debug">
        <CompilerOptions>
          <Version Value="11"/>
          <PathDelim Value="\"/>
          <SearchPaths>
            <IncludeFiles Value="$(ProjOutDir)"/>
          </SearchPaths>
          <Parsing>
            <SyntaxOptions>
              <IncludeAssertionCode Value="True"/>
              <UseAnsiStrings Value="False"/>
            </SyntaxOptions>
          </Parsing>
          <CodeGeneration>
            <Checks>
              <IOChecks Value="True"/>
              <OverflowChecks Value="True"/>
              <StackChecks Value="True"/>
            </Checks>
          </CodeGeneration>
          <Linking>
            <Debugging>
              <DebugInfoType Value="dsStabs"/>
              <UseExternalDbgSyms Value="True"/>
            </Debugging>
            <Options>
              <Win32>
                <GraphicApplication Value="True"/>
              </Win32>
            </Options>
          </Linking>
          <Other>
            <CompilerPath Value="$(CompPath)"/>
          </Other>
        </CompilerOptions>
      </Item2>
      <Item3 Name="Release">
        <CompilerOptions>
          <Version Value="11"/>
          <PathDelim Value="\"/>
          <SearchPaths>
            <IncludeFiles Value="$(ProjOutDir)"/>
          </SearchPaths>
          <Parsing>
            <SyntaxOptions>
              <UseAnsiStrings Value="False"/>
            </SyntaxOptions>
          </Parsing>
          <CodeGeneration>
            <SmartLinkUnit Value="True"/>
            <Optimizations>
              <OptimizationLevel Value="3"/>
            </Optimizations>
          </CodeGeneration>
          <Linking>
            <Debugging>
              <GenerateDebugInfo Value="False"/>
            </Debugging>
            <LinkSmart Value="True"/>
            <Options>
              <Win32>
                <GraphicApplication Value="True"/>
              </Win32>
            </Options>
          </Linking>
          <Other>
            <CompilerPath Value="$(CompPath)"/>
          </Other>
        </CompilerOptions>
      </Item3>
    </BuildModes>
    <PublishOptions>
      <Version Value="2"/>
      <IgnoreBinaries Value="False"/>
      <IncludeFileFilter Value="*.(pas|pp|inc|lfm|lpr|lrs|lpi|lpk|sh|xml)"/>
      <ExcludeFileFilter Value="*.(bak|ppu|ppw|o|so);*~;backup"/>
    </PublishOptions>
    <RunParams>
      <local>
        <FormatVersion Value="1"/>
      </local>
    </RunParams>
    <RequiredPackages Count="2">
      <Item1>
        <PackageName Value="laz_fpspreadsheet_visual"/>
      </Item1>
      <Item2>
        <PackageName Value="LCL"/>
      </Item2>
    </RequiredPackages>
    <Units Count="61">
      <Unit0>
        <Filename Value="fpsgrid.lpr"/>
        <IsPartOfProject Value="True"/>
        <UnitName Value="fpsgrid"/>
        <EditorIndex Value="0"/>
        <WindowIndex Value="0"/>
        <TopLine Value="1"/>
        <CursorPos X="10" Y="7"/>
        <UsageCount Value="200"/>
        <Loaded Value="True"/>
      </Unit0>
      <Unit1>
        <Filename Value="mainform.pas"/>
        <IsPartOfProject Value="True"/>
        <ComponentName Value="Form1"/>
        <HasResources Value="True"/>
        <ResourceBaseClass Value="Form"/>
        <UnitName Value="mainform"/>
        <EditorIndex Value="1"/>
        <WindowIndex Value="0"/>
        <TopLine Value="511"/>
        <CursorPos X="21" Y="524"/>
        <UsageCount Value="200"/>
        <Loaded Value="True"/>
        <LoadedDesigner Value="True"/>
      </Unit1>
      <Unit2>
        <Filename Value="..\..\fpspreadsheet.pas"/>
        <UnitName Value="fpspreadsheet"/>
        <IsVisibleTab Value="True"/>
        <EditorIndex Value="5"/>
        <WindowIndex Value="0"/>
        <TopLine Value="523"/>
        <CursorPos X="22" Y="533"/>
        <UsageCount Value="100"/>
        <Bookmarks Count="1">
          <Item0 X="68" Y="3716" ID="1"/>
        </Bookmarks>
        <Loaded Value="True"/>
      </Unit2>
      <Unit3>
        <Filename Value="..\..\fpspreadsheetgrid.pas"/>
        <UnitName Value="fpspreadsheetgrid"/>
        <EditorIndex Value="6"/>
        <WindowIndex Value="0"/>
        <TopLine Value="539"/>
        <CursorPos X="42" Y="557"/>
        <UsageCount Value="100"/>
        <Loaded Value="True"/>
      </Unit3>
      <Unit4>
        <Filename Value="..\..\fpolestorage.pas"/>
        <UnitName Value="fpolestorage"/>
        <WindowIndex Value="0"/>
        <TopLine Value="25"/>
        <CursorPos X="4" Y="44"/>
        <UsageCount Value="2"/>
      </Unit4>
      <Unit5>
        <Filename Value="c:\lazarus27\fpc\2.2.4\source\packages\winunits-base\src\activex.pp"/>
        <UnitName Value="ActiveX"/>
        <WindowIndex Value="0"/>
        <TopLine Value="49"/>
        <CursorPos X="10" Y="24"/>
        <UsageCount Value="2"/>
      </Unit5>
      <Unit6>
        <Filename Value="c:\lazarus27\fpc\2.2.4\source\packages\fcl-base\src\avl_tree.pp"/>
        <UnitName Value="AVL_Tree"/>
        <WindowIndex Value="0"/>
        <TopLine Value="37"/>
        <CursorPos X="14" Y="83"/>
        <UsageCount Value="2"/>
      </Unit6>
      <Unit7>
        <Filename Value="c:\Lazarus\lcl\grids.pas"/>
        <UnitName Value="Grids"/>
        <WindowIndex Value="0"/>
        <TopLine Value="1516"/>
        <CursorPos X="28" Y="1534"/>
        <UsageCount Value="2"/>
      </Unit7>
      <Unit8>
        <Filename Value="c:\Lazarus\lcl\include\customform.inc"/>
        <WindowIndex Value="0"/>
        <TopLine Value="2021"/>
        <CursorPos X="1" Y="2041"/>
        <UsageCount Value="2"/>
      </Unit8>
      <Unit9>
        <Filename Value="..\..\fpsallformats.pas"/>
        <UnitName Value="fpsallformats"/>
        <WindowIndex Value="0"/>
        <TopLine Value="1"/>
        <CursorPos X="62" Y="13"/>
        <UsageCount Value="2"/>
      </Unit9>
      <Unit10>
        <Filename Value="..\..\wikitable.pas"/>
        <UnitName Value="wikitable"/>
        <WindowIndex Value="0"/>
        <TopLine Value="48"/>
        <CursorPos X="41" Y="60"/>
        <UsageCount Value="8"/>
      </Unit10>
      <Unit11>
        <Filename Value="..\..\fpsopendocument.pas"/>
        <UnitName Value="fpsopendocument"/>
        <WindowIndex Value="0"/>
        <TopLine Value="1"/>
        <CursorPos X="1" Y="1"/>
        <UsageCount Value="4"/>
      </Unit11>
      <Unit12>
        <Filename Value="d:\lazarus-svn\lcl\grids.pas"/>
        <UnitName Value="Grids"/>
        <WindowIndex Value="0"/>
        <TopLine Value="4852"/>
        <CursorPos X="16" Y="4884"/>
        <UsageCount Value="44"/>
      </Unit12>
      <Unit13>
        <Filename Value="..\..\fpsutils.pas"/>
        <UnitName Value="fpsutils"/>
        <EditorIndex Value="2"/>
        <WindowIndex Value="0"/>
        <TopLine Value="279"/>
        <CursorPos X="38" Y="292"/>
        <UsageCount Value="69"/>
        <Loaded Value="True"/>
      </Unit13>
      <Unit14>
        <Filename Value="d:\lazarus-svn\lcl\include\canvas.inc"/>
        <WindowIndex Value="0"/>
        <TopLine Value="1212"/>
        <CursorPos X="3" Y="1218"/>
        <UsageCount Value="10"/>
      </Unit14>
      <Unit15>
        <Filename Value="d:\lazarus-svn\lcl\graphics.pp"/>
        <UnitName Value="Graphics"/>
        <WindowIndex Value="0"/>
        <TopLine Value="86"/>
        <CursorPos X="5" Y="104"/>
        <UsageCount Value="33"/>
      </Unit15>
      <Unit16>
        <Filename Value="d:\lazarus-svn\fpc\2.6.2\source\rtl\objpas\classes\classesh.inc"/>
        <WindowIndex Value="0"/>
        <TopLine Value="76"/>
        <CursorPos X="3" Y="95"/>
        <UsageCount Value="13"/>
      </Unit16>
      <Unit17>
        <Filename Value="..\..\xlsbiff8.pas"/>
        <UnitName Value="xlsbiff8"/>
        <EditorIndex Value="3"/>
        <WindowIndex Value="0"/>
        <TopLine Value="847"/>
        <CursorPos X="3" Y="859"/>
        <UsageCount Value="99"/>
        <Loaded Value="True"/>
      </Unit17>
      <Unit18>
        <Filename Value="d:\lazarus-svn\lcl\comctrls.pp"/>
        <UnitName Value="ComCtrls"/>
        <WindowIndex Value="0"/>
        <TopLine Value="1091"/>
        <CursorPos X="12" Y="1122"/>
        <UsageCount Value="4"/>
      </Unit18>
      <Unit19>
        <Filename Value="d:\lazarus-svn\lcl\include\wincontrol.inc"/>
        <WindowIndex Value="0"/>
        <TopLine Value="7344"/>
        <CursorPos X="30" Y="7349"/>
        <UsageCount Value="2"/>
      </Unit19>
      <Unit20>
        <Filename Value="..\..\xlscommon.pas"/>
        <UnitName Value="xlscommon"/>
        <EditorIndex Value="4"/>
        <WindowIndex Value="0"/>
        <TopLine Value="1363"/>
        <CursorPos X="3" Y="1366"/>
        <UsageCount Value="95"/>
        <Loaded Value="True"/>
      </Unit20>
      <Unit21>
        <Filename Value="..\..\xlsbiff5.pas"/>
        <UnitName Value="xlsbiff5"/>
        <WindowIndex Value="0"/>
        <TopLine Value="76"/>
        <CursorPos X="49" Y="92"/>
        <UsageCount Value="64"/>
      </Unit21>
      <Unit22>
        <Filename Value="..\..\xlsbiff2.pas"/>
        <UnitName Value="xlsbiff2"/>
        <WindowIndex Value="0"/>
        <TopLine Value="548"/>
        <CursorPos X="1" Y="560"/>
        <UsageCount Value="65"/>
      </Unit22>
      <Unit23>
        <Filename Value="d:\lazarus-svn\lcl\lclproc.pas"/>
        <UnitName Value="LCLProc"/>
        <WindowIndex Value="0"/>
        <TopLine Value="841"/>
        <CursorPos X="19" Y="852"/>
        <UsageCount Value="7"/>
      </Unit23>
      <Unit24>
        <Filename Value="d:\lazarus-svn\fpc\2.6.2\source\packages\fcl-image\src\fpcanvas.pp"/>
        <UnitName Value="FPCanvas"/>
        <WindowIndex Value="0"/>
        <TopLine Value="111"/>
        <CursorPos X="3" Y="112"/>
        <UsageCount Value="10"/>
      </Unit24>
      <Unit25>
        <Filename Value="d:\lazarus-svn\fpc\2.6.2\source\rtl\objpas\classes\lists.inc"/>
        <WindowIndex Value="0"/>
        <TopLine Value="141"/>
        <CursorPos X="3" Y="143"/>
        <UsageCount Value="6"/>
      </Unit25>
      <Unit26>
        <Filename Value="d:\Prog_Delphi\common\units\XLS.pas"/>
        <UnitName Value="Xls"/>
        <WindowIndex Value="0"/>
        <TopLine Value="114"/>
        <CursorPos X="42" Y="152"/>
        <UsageCount Value="6"/>
      </Unit26>
      <Unit27>
        <Filename Value="d:\lazarus-svn\lcl\include\pen.inc"/>
        <WindowIndex Value="0"/>
        <TopLine Value="354"/>
        <CursorPos X="1" Y="385"/>
        <UsageCount Value="11"/>
      </Unit27>
      <Unit28>
        <Filename Value="d:\lazarus-svn\lcl\controls.pp"/>
        <UnitName Value="Controls"/>
        <WindowIndex Value="0"/>
        <TopLine Value="2222"/>
        <CursorPos X="14" Y="2242"/>
        <UsageCount Value="6"/>
      </Unit28>
      <Unit29>
        <Filename Value="d:\lazarus-svn\lcl\include\control.inc"/>
        <WindowIndex Value="0"/>
        <TopLine Value="2696"/>
        <CursorPos X="23" Y="2712"/>
        <UsageCount Value="7"/>
      </Unit29>
      <Unit30>
        <Filename Value="..\..\fpspreadsheetchart.pas"/>
        <UnitName Value="fpspreadsheetchart"/>
        <WindowIndex Value="0"/>
        <TopLine Value="170"/>
        <CursorPos X="37" Y="204"/>
        <UsageCount Value="1"/>
      </Unit30>
      <Unit31>
        <Filename Value="d:\lazarus-svn\components\lazutils\lazutf8.pas"/>
        <UnitName Value="LazUTF8"/>
        <WindowIndex Value="0"/>
        <TopLine Value="3180"/>
        <CursorPos X="1" Y="3212"/>
        <UsageCount Value="2"/>
      </Unit31>
      <Unit32>
        <Filename Value="d:\lazarus-svn\lcl\colorbox.pas"/>
        <UnitName Value="ColorBox"/>
        <WindowIndex Value="0"/>
        <TopLine Value="584"/>
        <CursorPos X="3" Y="598"/>
        <UsageCount Value="10"/>
      </Unit32>
      <Unit33>
        <Filename Value="d:\lazarus-svn\lcl\dialogs.pp"/>
        <UnitName Value="Dialogs"/>
        <WindowIndex Value="0"/>
        <TopLine Value="222"/>
        <CursorPos X="3" Y="253"/>
        <UsageCount Value="2"/>
      </Unit33>
      <Unit34>
        <Filename Value="d:\lazarus-svn\lcl\forms.pp"/>
        <UnitName Value="Forms"/>
        <WindowIndex Value="0"/>
        <TopLine Value="932"/>
        <CursorPos X="3" Y="939"/>
        <UsageCount Value="2"/>
      </Unit34>
      <Unit35>
        <Filename Value="C:\development\lazarus\lcl\graphics.pp"/>
        <UnitName Value="Graphics"/>
        <WindowIndex Value="0"/>
        <TopLine Value="2053"/>
        <CursorPos X="30" Y="1945"/>
        <UsageCount Value="5"/>
      </Unit35>
      <Unit36>
        <Filename Value="C:\development\fpc\packages\fcl-image\src\fpcanvas.pp"/>
        <UnitName Value="FPCanvas"/>
        <WindowIndex Value="0"/>
        <TopLine Value="89"/>
        <CursorPos X="15" Y="97"/>
        <UsageCount Value="4"/>
      </Unit36>
      <Unit37>
        <Filename Value="C:\development\fpc\packages\fcl-image\src\fpfont.inc"/>
        <WindowIndex Value="0"/>
        <TopLine Value="54"/>
        <CursorPos X="3" Y="57"/>
        <UsageCount Value="4"/>
      </Unit37>
      <Unit38>
        <Filename Value="C:\development\lazarus\lcl\graphmath.pp"/>
        <UnitName Value="GraphMath"/>
        <WindowIndex Value="0"/>
        <TopLine Value="584"/>
        <CursorPos X="3" Y="439"/>
        <UsageCount Value="4"/>
      </Unit38>
      <Unit39>
        <Filename Value="C:\development\lazarus\lcl\graphtype.pp"/>
        <UnitName Value="GraphType"/>
        <WindowIndex Value="0"/>
        <TopLine Value="234"/>
        <CursorPos X="3" Y="33"/>
        <UsageCount Value="4"/>
      </Unit39>
      <Unit40>
        <Filename Value="C:\development\lazarus\lcl\lcltype.pp"/>
        <UnitName Value="LCLType"/>
        <WindowIndex Value="0"/>
        <TopLine Value="1628"/>
        <CursorPos X="3" Y="1643"/>
        <UsageCount Value="4"/>
      </Unit40>
      <Unit41>
        <Filename Value="C:\development\lazarus\lcl\graphutil.pp"/>
        <UnitName Value="GraphUtil"/>
        <WindowIndex Value="0"/>
        <TopLine Value="128"/>
        <CursorPos X="12" Y="143"/>
        <UsageCount Value="4"/>
      </Unit41>
      <Unit42>
        <Filename Value="C:\development\fpc\rtl\objpas\math.pp"/>
        <UnitName Value="math"/>
        <WindowIndex Value="0"/>
        <TopLine Value="144"/>
        <CursorPos X="10" Y="159"/>
        <UsageCount Value="7"/>
      </Unit42>
      <Unit43>
        <Filename Value="C:\development\fpc\rtl\i386\i386.inc"/>
        <WindowIndex Value="0"/>
        <TopLine Value="1497"/>
        <CursorPos X="1" Y="1515"/>
        <UsageCount Value="10"/>
      </Unit43>
      <Unit44>
        <Filename Value="C:\development\lazarus\lcl\grids.pas"/>
        <UnitName Value="Grids"/>
        <WindowIndex Value="0"/>
        <TopLine Value="794"/>
        <CursorPos X="15" Y="1010"/>
        <UsageCount Value="11"/>
      </Unit44>
      <Unit45>
        <Filename Value="..\..\..\spktoolbar\SpkGraphTools\SpkGraphTools.pas"/>
        <UnitName Value="SpkGraphTools"/>
        <WindowIndex Value="0"/>
        <TopLine Value="136"/>
        <CursorPos X="1" Y="143"/>
        <UsageCount Value="2"/>
      </Unit45>
      <Unit46>
        <Filename Value="C:\development\fpc\rtl\objpas\classes\lists.inc"/>
        <WindowIndex Value="0"/>
        <TopLine Value="34"/>
        <CursorPos X="1" Y="49"/>
        <UsageCount Value="10"/>
      </Unit46>
      <Unit47>
        <Filename Value="C:\development\lazarus\lcl\include\canvas.inc"/>
        <WindowIndex Value="0"/>
        <TopLine Value="1705"/>
        <CursorPos X="1" Y="1720"/>
        <UsageCount Value="10"/>
      </Unit47>
      <Unit48>
        <Filename Value="C:\development\lazarus\lcl\include\font.inc"/>
        <WindowIndex Value="0"/>
        <TopLine Value="1139"/>
        <CursorPos X="25" Y="1161"/>
        <UsageCount Value="10"/>
      </Unit48>
      <Unit49>
        <Filename Value="C:\development\lazarus\lcl\include\winapih.inc"/>
        <WindowIndex Value="0"/>
        <TopLine Value="156"/>
        <CursorPos X="10" Y="171"/>
        <UsageCount Value="4"/>
      </Unit49>
      <Unit50>
        <Filename Value="C:\development\lazarus\lcl\include\intfbasewinapi.inc"/>
        <WindowIndex Value="0"/>
        <TopLine Value="1577"/>
        <CursorPos X="3" Y="1579"/>
        <UsageCount Value="4"/>
      </Unit50>
      <Unit51>
        <Filename Value="C:\development\fpc\rtl\inc\except.inc"/>
        <WindowIndex Value="0"/>
        <TopLine Value="202"/>
        <CursorPos X="1" Y="227"/>
        <UsageCount Value="9"/>
      </Unit51>
      <Unit52>
        <Filename Value="d:\lazarus-svn\lcl\include\menuitem.inc"/>
        <WindowIndex Value="0"/>
        <TopLine Value="69"/>
        <CursorPos X="28" Y="82"/>
        <UsageCount Value="10"/>
      </Unit52>
      <Unit53>
        <Filename Value="d:\lazarus-svn\lcl\include\application.inc"/>
        <WindowIndex Value="0"/>
        <TopLine Value="1371"/>
        <CursorPos X="1" Y="1390"/>
        <UsageCount Value="9"/>
      </Unit53>
      <Unit54>
        <Filename Value="d:\lazarus-svn\lcl\include\font.inc"/>
        <WindowIndex Value="0"/>
        <TopLine Value="648"/>
        <CursorPos X="1" Y="675"/>
        <UsageCount Value="8"/>
      </Unit54>
      <Unit55>
        <Filename Value="d:\lazarus-svn\lcl\include\fontdialog.inc"/>
        <WindowIndex Value="0"/>
        <TopLine Value="24"/>
        <CursorPos X="1" Y="49"/>
        <UsageCount Value="8"/>
      </Unit55>
      <Unit56>
        <Filename Value="C:\development\fpc\rtl\objpas\sysutils\sysinth.inc"/>
        <WindowIndex Value="0"/>
        <TopLine Value="50"/>
        <CursorPos X="3" Y="57"/>
        <UsageCount Value="7"/>
      </Unit56>
      <Unit57>
        <Filename Value="C:\development\fpc\rtl\inc\wstrings.inc"/>
        <WindowIndex Value="0"/>
        <TopLine Value="169"/>
        <CursorPos X="1" Y="185"/>
        <UsageCount Value="7"/>
      </Unit57>
      <Unit58>
        <Filename Value="d:\lazarus-svn\fpc\2.6.2\source\rtl\objpas\sysutils\dati.inc"/>
        <WindowIndex Value="0"/>
        <TopLine Value="890"/>
        <CursorPos X="16" Y="796"/>
        <UsageCount Value="14"/>
      </Unit58>
      <Unit59>
        <Filename Value="d:\lazarus-svn\fpc\2.6.2\source\rtl\objpas\sysutils\sysinth.inc"/>
        <WindowIndex Value="0"/>
        <TopLine Value="36"/>
        <CursorPos X="5" Y="43"/>
        <UsageCount Value="12"/>
      </Unit59>
      <Unit60>
        <Filename Value="C:\development\fpc\rtl\inc\astrings.inc"/>
        <WindowIndex Value="0"/>
        <TopLine Value="104"/>
        <CursorPos X="1" Y="120"/>
        <UsageCount Value="11"/>
      </Unit60>
    </Units>
    <JumpHistory Count="30" HistoryIndex="29">
      <Position1>
        <Filename Value="..\..\fpspreadsheet.pas"/>
        <Caret Line="742" Column="12" TopLine="723"/>
      </Position1>
      <Position2>
        <Filename Value="..\..\fpspreadsheet.pas"/>
        <Caret Line="115" Column="1" TopLine="115"/>
      </Position2>
      <Position3>
        <Filename Value="..\..\fpspreadsheet.pas"/>
        <Caret Line="349" Column="12" TopLine="318"/>
      </Position3>
      <Position4>
        <Filename Value="..\..\fpspreadsheet.pas"/>
        <Caret Line="358" Column="25" TopLine="327"/>
      </Position4>
      <Position5>
        <Filename Value="..\..\fpspreadsheet.pas"/>
        <Caret Line="478" Column="34" TopLine="449"/>
      </Position5>
      <Position6>
        <Filename Value="..\..\fpspreadsheetgrid.pas"/>
        <Caret Line="2524" Column="3" TopLine="2520"/>
      </Position6>
      <Position7>
        <Filename Value="..\..\fpspreadsheetgrid.pas"/>
        <Caret Line="2504" Column="46" TopLine="2498"/>
      </Position7>
      <Position8>
        <Filename Value="mainform.pas"/>
        <Caret Line="654" Column="3" TopLine="647"/>
      </Position8>
      <Position9>
        <Filename Value="mainform.pas"/>
        <Caret Line="661" Column="3" TopLine="654"/>
      </Position9>
      <Position10>
        <Filename Value="mainform.pas"/>
        <Caret Line="542" Column="56" TopLine="540"/>
      </Position10>
      <Position11>
        <Filename Value="mainform.pas"/>
        <Caret Line="728" Column="1" TopLine="704"/>
      </Position11>
      <Position12>
        <Filename Value="..\..\fpspreadsheet.pas"/>
        <Caret Line="1316" Column="1" TopLine="1285"/>
      </Position12>
      <Position13>
        <Filename Value="..\..\fpspreadsheet.pas"/>
        <Caret Line="394" Column="34" TopLine="394"/>
      </Position13>
      <Position14>
        <Filename Value="..\..\fpspreadsheet.pas"/>
        <Caret Line="1" Column="1" TopLine="1"/>
      </Position14>
      <Position15>
        <Filename Value="..\..\fpspreadsheet.pas"/>
        <Caret Line="501" Column="18" TopLine="470"/>
      </Position15>
      <Position16>
        <Filename Value="..\..\xlscommon.pas"/>
        <Caret Line="1430" Column="28" TopLine="1430"/>
      </Position16>
      <Position17>
        <Filename Value="..\..\xlscommon.pas"/>
        <Caret Line="1" Column="1" TopLine="1"/>
      </Position17>
      <Position18>
        <Filename Value="mainform.pas"/>
        <Caret Line="704" Column="21" TopLine="704"/>
      </Position18>
      <Position19>
        <Filename Value="mainform.pas"/>
        <Caret Line="1" Column="1" TopLine="1"/>
      </Position19>
      <Position20>
        <Filename Value="mainform.pas"/>
        <Caret Line="83" Column="19" TopLine="53"/>
      </Position20>
      <Position21>
        <Filename Value="mainform.pas"/>
        <Caret Line="229" Column="29" TopLine="199"/>
      </Position21>
      <Position22>
        <Filename Value="mainform.pas"/>
        <Caret Line="540" Column="32" TopLine="509"/>
      </Position22>
      <Position23>
        <Filename Value="mainform.pas"/>
        <Caret Line="511" Column="29" TopLine="511"/>
      </Position23>
      <Position24>
        <Filename Value="mainform.pas"/>
        <Caret Line="1" Column="1" TopLine="1"/>
      </Position24>
      <Position25>
        <Filename Value="mainform.pas"/>
        <Caret Line="83" Column="19" TopLine="53"/>
      </Position25>
      <Position26>
        <Filename Value="mainform.pas"/>
        <Caret Line="229" Column="29" TopLine="199"/>
      </Position26>
      <Position27>
        <Filename Value="mainform.pas"/>
        <Caret Line="540" Column="32" TopLine="509"/>
      </Position27>
      <Position28>
        <Filename Value="..\..\xlscommon.pas"/>
        <Caret Line="1141" Column="28" TopLine="1111"/>
      </Position28>
      <Position29>
        <Filename Value="..\..\xlscommon.pas"/>
        <Caret Line="1142" Column="1" TopLine="1106"/>
      </Position29>
      <Position30>
        <Filename Value="..\..\xlscommon.pas"/>
        <Caret Line="1427" Column="3" TopLine="1408"/>
      </Position30>
    </JumpHistory>
  </ProjectOptions>
  <CompilerOptions>
    <Version Value="11"/>
    <PathDelim Value="\"/>
    <SearchPaths>
      <IncludeFiles Value="$(ProjOutDir)"/>
    </SearchPaths>
    <Parsing>
      <SyntaxOptions>
        <UseAnsiStrings Value="False"/>
      </SyntaxOptions>
    </Parsing>
    <Linking>
      <Debugging>
        <DebugInfoType Value="dsStabs"/>
      </Debugging>
      <Options>
        <Win32>
          <GraphicApplication Value="True"/>
        </Win32>
      </Options>
    </Linking>
    <Other>
      <CompilerPath Value="$(CompPath)"/>
    </Other>
  </CompilerOptions>
  <Debugging>
    <Watches Count="2">
      <Item1>
        <Expression Value="recordtype"/>
      </Item1>
      <Item2>
        <Expression Value="arow"/>
      </Item2>
    </Watches>
    <Exceptions Count="5">
      <Item1>
        <Name Value="EAbort"/>
      </Item1>
      <Item2>
        <Name Value="ECodetoolError"/>
      </Item2>
      <Item3>
        <Name Value="EFOpenError"/>
      </Item3>
      <Item4>
        <Name Value="Exception"/>
      </Item4>
      <Item5>
        <Name Value="EStreamError"/>
      </Item5>
    </Exceptions>
  </Debugging>
  <EditorMacros Count="0"/>
</CONFIG>
