<?xml version="1.0" encoding="UTF-8"?>
<CONFIG>
  <ProjectOptions>
    <Version Value="9"/>
    <PathDelim Value="\"/>
    <General>
      <MainUnit Value="0"/>
      <Title Value="fpsgrid"/>
      <UseXPManifest Value="True"/>
      <Icon Value="0"/>
      <ActiveWindowIndexAtStart Value="0"/>
    </General>
    <VersionInfo>
      <Language Value=""/>
      <CharSet Value=""/>
      <StringTable ProductVersion=""/>
    </VersionInfo>
    <BuildModes Count="1">
      <Item1 Name="default" Default="True"/>
    </BuildModes>
    <PublishOptions>
      <Version Value="2"/>
      <IgnoreBinaries Value="False"/>
      <IncludeFileFilter Value="*.(pas|pp|inc|lfm|lpr|lrs|lpi|lpk|sh|xml)"/>
      <ExcludeFileFilter Value="*.(bak|ppu|ppw|o|so);*~;backup"/>
    </PublishOptions>
    <RunParams>
      <local>
        <FormatVersion Value="1"/>
      </local>
    </RunParams>
    <RequiredPackages Count="2">
      <Item1>
        <PackageName Value="laz_fpspreadsheet_visual"/>
      </Item1>
      <Item2>
        <PackageName Value="LCL"/>
      </Item2>
    </RequiredPackages>
    <Units Count="24">
      <Unit0>
        <Filename Value="fpsgrid.lpr"/>
        <IsPartOfProject Value="True"/>
        <UnitName Value="fpsgrid"/>
        <EditorIndex Value="0"/>
        <WindowIndex Value="0"/>
        <TopLine Value="1"/>
        <CursorPos X="1" Y="11"/>
        <UsageCount Value="95"/>
        <Loaded Value="True"/>
      </Unit0>
      <Unit1>
        <Filename Value="mainform.pas"/>
        <IsPartOfProject Value="True"/>
        <ComponentName Value="Form1"/>
        <HasResources Value="True"/>
        <ResourceBaseClass Value="Form"/>
        <UnitName Value="mainform"/>
        <EditorIndex Value="1"/>
        <WindowIndex Value="0"/>
        <TopLine Value="1"/>
        <CursorPos X="8" Y="1"/>
        <UsageCount Value="95"/>
        <Loaded Value="True"/>
        <LoadedDesigner Value="True"/>
      </Unit1>
      <Unit2>
        <Filename Value="..\..\fpspreadsheet.pas"/>
        <UnitName Value="fpspreadsheet"/>
        <EditorIndex Value="5"/>
        <WindowIndex Value="0"/>
        <TopLine Value="1810"/>
        <CursorPos X="11" Y="1941"/>
        <UsageCount Value="45"/>
        <Loaded Value="True"/>
      </Unit2>
      <Unit3>
        <Filename Value="..\..\fpspreadsheetgrid.pas"/>
        <UnitName Value="fpspreadsheetgrid"/>
        <EditorIndex Value="2"/>
        <WindowIndex Value="0"/>
        <TopLine Value="133"/>
        <CursorPos X="3" Y="159"/>
        <UsageCount Value="46"/>
        <Loaded Value="True"/>
      </Unit3>
      <Unit4>
        <Filename Value="..\..\fpolestorage.pas"/>
        <UnitName Value="fpolestorage"/>
        <WindowIndex Value="0"/>
        <TopLine Value="25"/>
        <CursorPos X="4" Y="44"/>
        <UsageCount Value="5"/>
      </Unit4>
      <Unit5>
        <Filename Value="c:\lazarus27\fpc\2.2.4\source\packages\winunits-base\src\activex.pp"/>
        <UnitName Value="ActiveX"/>
        <WindowIndex Value="0"/>
        <TopLine Value="49"/>
        <CursorPos X="10" Y="24"/>
        <UsageCount Value="5"/>
      </Unit5>
      <Unit6>
        <Filename Value="c:\lazarus27\fpc\2.2.4\source\packages\fcl-base\src\avl_tree.pp"/>
        <UnitName Value="AVL_Tree"/>
        <WindowIndex Value="0"/>
        <TopLine Value="37"/>
        <CursorPos X="14" Y="83"/>
        <UsageCount Value="5"/>
      </Unit6>
      <Unit7>
        <Filename Value="c:\Lazarus\lcl\grids.pas"/>
        <UnitName Value="Grids"/>
        <WindowIndex Value="0"/>
        <TopLine Value="1516"/>
        <CursorPos X="28" Y="1534"/>
        <UsageCount Value="5"/>
      </Unit7>
      <Unit8>
        <Filename Value="c:\Lazarus\lcl\include\customform.inc"/>
        <WindowIndex Value="0"/>
        <TopLine Value="2021"/>
        <CursorPos X="1" Y="2041"/>
        <UsageCount Value="5"/>
      </Unit8>
      <Unit9>
        <Filename Value="..\..\fpsallformats.pas"/>
        <UnitName Value="fpsallformats"/>
        <WindowIndex Value="0"/>
        <TopLine Value="1"/>
        <CursorPos X="62" Y="13"/>
        <UsageCount Value="15"/>
      </Unit9>
      <Unit10>
        <Filename Value="..\..\wikitable.pas"/>
        <UnitName Value="wikitable"/>
        <WindowIndex Value="0"/>
        <TopLine Value="48"/>
        <CursorPos X="41" Y="60"/>
        <UsageCount Value="21"/>
      </Unit10>
      <Unit11>
        <Filename Value="..\..\fpsopendocument.pas"/>
        <UnitName Value="fpsopendocument"/>
        <WindowIndex Value="0"/>
        <TopLine Value="280"/>
        <CursorPos X="41" Y="285"/>
        <UsageCount Value="15"/>
      </Unit11>
      <Unit12>
        <Filename Value="d:\lazarus-svn\lcl\grids.pas"/>
        <UnitName Value="Grids"/>
        <WindowIndex Value="0"/>
        <TopLine Value="4124"/>
        <CursorPos X="3" Y="4129"/>
        <UsageCount Value="21"/>
      </Unit12>
      <Unit13>
        <Filename Value="..\..\fpsutils.pas"/>
        <UnitName Value="fpsutils"/>
        <EditorIndex Value="4"/>
        <WindowIndex Value="0"/>
        <TopLine Value="310"/>
        <CursorPos X="25" Y="59"/>
        <UsageCount Value="21"/>
        <Loaded Value="True"/>
      </Unit13>
      <Unit14>
        <Filename Value="d:\lazarus-svn\lcl\include\canvas.inc"/>
        <WindowIndex Value="0"/>
        <TopLine Value="1212"/>
        <CursorPos X="3" Y="1218"/>
        <UsageCount Value="13"/>
      </Unit14>
      <Unit15>
        <Filename Value="d:\lazarus-svn\lcl\graphics.pp"/>
        <UnitName Value="Graphics"/>
        <EditorIndex Value="3"/>
        <WindowIndex Value="0"/>
        <TopLine Value="259"/>
        <CursorPos X="3" Y="278"/>
        <UsageCount Value="13"/>
        <Loaded Value="True"/>
      </Unit15>
      <Unit16>
        <Filename Value="d:\lazarus-svn\fpc\2.6.2\source\rtl\objpas\classes\classesh.inc"/>
        <WindowIndex Value="0"/>
        <TopLine Value="76"/>
        <CursorPos X="28" Y="88"/>
        <UsageCount Value="13"/>
      </Unit16>
      <Unit17>
        <Filename Value="..\..\xlsbiff8.pas"/>
        <UnitName Value="xlsbiff8"/>
        <IsVisibleTab Value="True"/>
        <EditorIndex Value="6"/>
        <WindowIndex Value="0"/>
        <TopLine Value="158"/>
        <CursorPos X="1" Y="178"/>
        <UsageCount Value="20"/>
        <Bookmarks Count="1">
          <Item0 X="86" Y="2488" ID="1"/>
        </Bookmarks>
        <Loaded Value="True"/>
      </Unit17>
      <Unit18>
        <Filename Value="d:\lazarus-svn\lcl\comctrls.pp"/>
        <UnitName Value="ComCtrls"/>
        <WindowIndex Value="0"/>
        <TopLine Value="537"/>
        <CursorPos X="23" Y="567"/>
        <UsageCount Value="9"/>
      </Unit18>
      <Unit19>
        <Filename Value="d:\lazarus-svn\lcl\include\wincontrol.inc"/>
        <WindowIndex Value="0"/>
        <TopLine Value="7344"/>
        <CursorPos X="30" Y="7349"/>
        <UsageCount Value="15"/>
      </Unit19>
      <Unit20>
        <Filename Value="..\..\xlscommon.pas"/>
        <UnitName Value="xlscommon"/>
        <EditorIndex Value="7"/>
        <WindowIndex Value="0"/>
        <TopLine Value="286"/>
        <CursorPos X="14" Y="305"/>
        <UsageCount Value="16"/>
        <Loaded Value="True"/>
      </Unit20>
      <Unit21>
        <Filename Value="..\..\xlsbiff5.pas"/>
        <UnitName Value="xlsbiff5"/>
        <WindowIndex Value="0"/>
        <TopLine Value="1110"/>
        <CursorPos X="1" Y="1134"/>
        <UsageCount Value="11"/>
      </Unit21>
      <Unit22>
        <Filename Value="..\..\xlsbiff2.pas"/>
        <UnitName Value="xlsbiff2"/>
        <WindowIndex Value="0"/>
        <TopLine Value="93"/>
        <CursorPos X="35" Y="83"/>
        <UsageCount Value="11"/>
      </Unit22>
      <Unit23>
        <Filename Value="d:\lazarus-svn\lcl\lclproc.pas"/>
        <UnitName Value="LCLProc"/>
        <WindowIndex Value="0"/>
        <TopLine Value="841"/>
        <CursorPos X="19" Y="852"/>
        <UsageCount Value="10"/>
      </Unit23>
    </Units>
    <JumpHistory Count="30" HistoryIndex="29">
      <Position1>
        <Filename Value="..\..\fpspreadsheet.pas"/>
        <Caret Line="647" Column="50" TopLine="615"/>
      </Position1>
      <Position2>
        <Filename Value="..\..\fpspreadsheet.pas"/>
        <Caret Line="650" Column="24" TopLine="618"/>
      </Position2>
      <Position3>
        <Filename Value="..\..\fpspreadsheet.pas"/>
        <Caret Line="652" Column="51" TopLine="620"/>
      </Position3>
      <Position4>
        <Filename Value="..\..\fpspreadsheet.pas"/>
        <Caret Line="966" Column="72" TopLine="934"/>
      </Position4>
      <Position5>
        <Filename Value="..\..\fpspreadsheet.pas"/>
        <Caret Line="978" Column="35" TopLine="946"/>
      </Position5>
      <Position6>
        <Filename Value="..\..\fpspreadsheet.pas"/>
        <Caret Line="1195" Column="43" TopLine="1163"/>
      </Position6>
      <Position7>
        <Filename Value="..\..\fpspreadsheet.pas"/>
        <Caret Line="1196" Column="18" TopLine="1164"/>
      </Position7>
      <Position8>
        <Filename Value="..\..\fpspreadsheet.pas"/>
        <Caret Line="1202" Column="83" TopLine="1170"/>
      </Position8>
      <Position9>
        <Filename Value="..\..\fpspreadsheet.pas"/>
        <Caret Line="1203" Column="35" TopLine="1171"/>
      </Position9>
      <Position10>
        <Filename Value="..\..\fpspreadsheet.pas"/>
        <Caret Line="1752" Column="26" TopLine="1720"/>
      </Position10>
      <Position11>
        <Filename Value="..\..\fpspreadsheet.pas"/>
        <Caret Line="1753" Column="75" TopLine="1721"/>
      </Position11>
      <Position12>
        <Filename Value="..\..\fpspreadsheet.pas"/>
        <Caret Line="1852" Column="87" TopLine="1833"/>
      </Position12>
      <Position13>
        <Filename Value="..\..\fpspreadsheet.pas"/>
        <Caret Line="1856" Column="14" TopLine="1833"/>
      </Position13>
      <Position14>
        <Filename Value="..\..\fpspreadsheetgrid.pas"/>
        <Caret Line="151" Column="15" TopLine="124"/>
      </Position14>
      <Position15>
        <Filename Value="..\..\fpspreadsheetgrid.pas"/>
        <Caret Line="254" Column="39" TopLine="223"/>
      </Position15>
      <Position16>
        <Filename Value="..\..\fpspreadsheetgrid.pas"/>
        <Caret Line="168" Column="31" TopLine="144"/>
      </Position16>
      <Position17>
        <Filename Value="..\..\fpspreadsheetgrid.pas"/>
        <Caret Line="165" Column="24" TopLine="146"/>
      </Position17>
      <Position18>
        <Filename Value="..\..\fpspreadsheet.pas"/>
        <Caret Line="1852" Column="63" TopLine="1850"/>
      </Position18>
      <Position19>
        <Filename Value="..\..\xlsbiff8.pas"/>
        <Caret Line="2426" Column="13" TopLine="2411"/>
      </Position19>
      <Position20>
        <Filename Value="..\..\xlsbiff8.pas"/>
        <Caret Line="2097" Column="3" TopLine="2090"/>
      </Position20>
      <Position21>
        <Filename Value="..\..\xlsbiff8.pas"/>
        <Caret Line="2099" Column="1" TopLine="2090"/>
      </Position21>
      <Position22>
        <Filename Value="..\..\xlsbiff8.pas"/>
        <Caret Line="2102" Column="1" TopLine="2090"/>
      </Position22>
      <Position23>
        <Filename Value="..\..\xlsbiff8.pas"/>
        <Caret Line="2103" Column="1" TopLine="2090"/>
      </Position23>
      <Position24>
        <Filename Value="..\..\xlsbiff8.pas"/>
        <Caret Line="2106" Column="1" TopLine="2090"/>
      </Position24>
      <Position25>
        <Filename Value="..\..\xlsbiff8.pas"/>
        <Caret Line="2109" Column="1" TopLine="2090"/>
      </Position25>
      <Position26>
        <Filename Value="..\..\xlsbiff8.pas"/>
        <Caret Line="2112" Column="1" TopLine="2090"/>
      </Position26>
      <Position27>
        <Filename Value="..\..\xlsbiff8.pas"/>
        <Caret Line="2116" Column="1" TopLine="2090"/>
      </Position27>
      <Position28>
        <Filename Value="..\..\xlsbiff8.pas"/>
        <Caret Line="2119" Column="1" TopLine="2090"/>
      </Position28>
      <Position29>
        <Filename Value="..\..\fpspreadsheetgrid.pas"/>
        <Caret Line="170" Column="39" TopLine="151"/>
      </Position29>
      <Position30>
        <Filename Value="..\..\fpspreadsheetgrid.pas"/>
        <Caret Line="171" Column="30" TopLine="151"/>
      </Position30>
    </JumpHistory>
  </ProjectOptions>
  <CompilerOptions>
    <Version Value="11"/>
    <PathDelim Value="\"/>
    <SearchPaths>
      <IncludeFiles Value="$(ProjOutDir)"/>
    </SearchPaths>
    <Parsing>
      <SyntaxOptions>
        <UseAnsiStrings Value="False"/>
      </SyntaxOptions>
    </Parsing>
    <Linking>
      <Options>
        <Win32>
          <GraphicApplication Value="True"/>
        </Win32>
      </Options>
    </Linking>
    <Other>
      <CompilerPath Value="$(CompPath)"/>
    </Other>
  </CompilerOptions>
  <Debugging>
    <Watches Count="1">
      <Item1>
        <Expression Value="ldata.borders"/>
      </Item1>
    </Watches>
    <Exceptions Count="3">
      <Item1>
        <Name Value="EAbort"/>
      </Item1>
      <Item2>
        <Name Value="ECodetoolError"/>
      </Item2>
      <Item3>
        <Name Value="EFOpenError"/>
      </Item3>
    </Exceptions>
  </Debugging>
  <EditorMacros Count="0"/>
</CONFIG>
