<?xml version="1.0" encoding="UTF-8"?>
<CONFIG>
  <ProjectOptions>
    <Version Value="9"/>
    <PathDelim Value="\"/>
    <General>
      <MainUnit Value="0"/>
      <Title Value="fpsgrid"/>
      <UseXPManifest Value="True"/>
      <Icon Value="0"/>
      <ActiveWindowIndexAtStart Value="0"/>
    </General>
    <VersionInfo>
      <Language Value=""/>
      <CharSet Value=""/>
      <StringTable ProductVersion=""/>
    </VersionInfo>
    <BuildModes Count="3" Active="Debug">
      <Item1 Name="default" Default="True"/>
      <Item2 Name="Debug">
        <CompilerOptions>
          <Version Value="11"/>
          <PathDelim Value="\"/>
          <SearchPaths>
            <IncludeFiles Value="$(ProjOutDir)"/>
          </SearchPaths>
          <Parsing>
            <SyntaxOptions>
              <IncludeAssertionCode Value="True"/>
              <UseAnsiStrings Value="False"/>
            </SyntaxOptions>
          </Parsing>
          <CodeGeneration>
            <Checks>
              <IOChecks Value="True"/>
              <RangeChecks Value="True"/>
              <OverflowChecks Value="True"/>
              <StackChecks Value="True"/>
            </Checks>
          </CodeGeneration>
          <Linking>
            <Debugging>
              <DebugInfoType Value="dsStabs"/>
              <UseExternalDbgSyms Value="True"/>
            </Debugging>
            <Options>
              <Win32>
                <GraphicApplication Value="True"/>
              </Win32>
            </Options>
          </Linking>
          <Other>
            <CompilerPath Value="$(CompPath)"/>
          </Other>
        </CompilerOptions>
      </Item2>
      <Item3 Name="Release">
        <CompilerOptions>
          <Version Value="11"/>
          <PathDelim Value="\"/>
          <SearchPaths>
            <IncludeFiles Value="$(ProjOutDir)"/>
          </SearchPaths>
          <Parsing>
            <SyntaxOptions>
              <UseAnsiStrings Value="False"/>
            </SyntaxOptions>
          </Parsing>
          <CodeGeneration>
            <SmartLinkUnit Value="True"/>
            <Optimizations>
              <OptimizationLevel Value="3"/>
            </Optimizations>
          </CodeGeneration>
          <Linking>
            <Debugging>
              <GenerateDebugInfo Value="False"/>
            </Debugging>
            <LinkSmart Value="True"/>
            <Options>
              <Win32>
                <GraphicApplication Value="True"/>
              </Win32>
            </Options>
          </Linking>
          <Other>
            <CompilerPath Value="$(CompPath)"/>
          </Other>
        </CompilerOptions>
      </Item3>
    </BuildModes>
    <PublishOptions>
      <Version Value="2"/>
      <IgnoreBinaries Value="False"/>
      <IncludeFileFilter Value="*.(pas|pp|inc|lfm|lpr|lrs|lpi|lpk|sh|xml)"/>
      <ExcludeFileFilter Value="*.(bak|ppu|ppw|o|so);*~;backup"/>
    </PublishOptions>
    <RunParams>
      <local>
        <FormatVersion Value="1"/>
      </local>
    </RunParams>
    <RequiredPackages Count="2">
      <Item1>
        <PackageName Value="laz_fpspreadsheet_visual"/>
      </Item1>
      <Item2>
        <PackageName Value="LCL"/>
      </Item2>
    </RequiredPackages>
    <Units Count="27">
      <Unit0>
        <Filename Value="fpsgrid.lpr"/>
        <IsPartOfProject Value="True"/>
        <UnitName Value="fpsgrid"/>
        <EditorIndex Value="0"/>
        <WindowIndex Value="0"/>
        <TopLine Value="1"/>
        <CursorPos X="3" Y="2"/>
        <UsageCount Value="120"/>
        <Loaded Value="True"/>
      </Unit0>
      <Unit1>
        <Filename Value="mainform.pas"/>
        <IsPartOfProject Value="True"/>
        <ComponentName Value="Form1"/>
        <HasResources Value="True"/>
        <ResourceBaseClass Value="Form"/>
        <UnitName Value="mainform"/>
        <EditorIndex Value="1"/>
        <WindowIndex Value="0"/>
        <TopLine Value="47"/>
        <CursorPos X="51" Y="49"/>
        <UsageCount Value="120"/>
        <Loaded Value="True"/>
        <LoadedDesigner Value="True"/>
      </Unit1>
      <Unit2>
        <Filename Value="..\..\fpspreadsheet.pas"/>
        <UnitName Value="fpspreadsheet"/>
        <EditorIndex Value="5"/>
        <WindowIndex Value="0"/>
        <TopLine Value="2720"/>
        <CursorPos X="49" Y="2742"/>
        <UsageCount Value="59"/>
        <Bookmarks Count="1">
          <Item0 X="1" Y="1293" ID="1"/>
        </Bookmarks>
        <Loaded Value="True"/>
      </Unit2>
      <Unit3>
        <Filename Value="..\..\fpspreadsheetgrid.pas"/>
        <UnitName Value="fpspreadsheetgrid"/>
        <IsVisibleTab Value="True"/>
        <EditorIndex Value="4"/>
        <WindowIndex Value="0"/>
        <TopLine Value="257"/>
        <CursorPos X="36" Y="273"/>
        <UsageCount Value="60"/>
        <Loaded Value="True"/>
      </Unit3>
      <Unit4>
        <Filename Value="..\..\fpolestorage.pas"/>
        <UnitName Value="fpolestorage"/>
        <WindowIndex Value="0"/>
        <TopLine Value="25"/>
        <CursorPos X="4" Y="44"/>
        <UsageCount Value="3"/>
      </Unit4>
      <Unit5>
        <Filename Value="c:\lazarus27\fpc\2.2.4\source\packages\winunits-base\src\activex.pp"/>
        <UnitName Value="ActiveX"/>
        <WindowIndex Value="0"/>
        <TopLine Value="49"/>
        <CursorPos X="10" Y="24"/>
        <UsageCount Value="3"/>
      </Unit5>
      <Unit6>
        <Filename Value="c:\lazarus27\fpc\2.2.4\source\packages\fcl-base\src\avl_tree.pp"/>
        <UnitName Value="AVL_Tree"/>
        <WindowIndex Value="0"/>
        <TopLine Value="37"/>
        <CursorPos X="14" Y="83"/>
        <UsageCount Value="3"/>
      </Unit6>
      <Unit7>
        <Filename Value="c:\Lazarus\lcl\grids.pas"/>
        <UnitName Value="Grids"/>
        <WindowIndex Value="0"/>
        <TopLine Value="1516"/>
        <CursorPos X="28" Y="1534"/>
        <UsageCount Value="3"/>
      </Unit7>
      <Unit8>
        <Filename Value="c:\Lazarus\lcl\include\customform.inc"/>
        <WindowIndex Value="0"/>
        <TopLine Value="2021"/>
        <CursorPos X="1" Y="2041"/>
        <UsageCount Value="3"/>
      </Unit8>
      <Unit9>
        <Filename Value="..\..\fpsallformats.pas"/>
        <UnitName Value="fpsallformats"/>
        <WindowIndex Value="0"/>
        <TopLine Value="1"/>
        <CursorPos X="62" Y="13"/>
        <UsageCount Value="13"/>
      </Unit9>
      <Unit10>
        <Filename Value="..\..\wikitable.pas"/>
        <UnitName Value="wikitable"/>
        <WindowIndex Value="0"/>
        <TopLine Value="48"/>
        <CursorPos X="41" Y="60"/>
        <UsageCount Value="19"/>
      </Unit10>
      <Unit11>
        <Filename Value="..\..\fpsopendocument.pas"/>
        <UnitName Value="fpsopendocument"/>
        <EditorIndex Value="6"/>
        <WindowIndex Value="0"/>
        <TopLine Value="1"/>
        <CursorPos X="1" Y="1"/>
        <UsageCount Value="15"/>
        <Loaded Value="True"/>
      </Unit11>
      <Unit12>
        <Filename Value="d:\lazarus-svn\lcl\grids.pas"/>
        <UnitName Value="Grids"/>
        <WindowIndex Value="0"/>
        <TopLine Value="3963"/>
        <CursorPos X="2" Y="3981"/>
        <UsageCount Value="24"/>
      </Unit12>
      <Unit13>
        <Filename Value="..\..\fpsutils.pas"/>
        <UnitName Value="fpsutils"/>
        <EditorIndex Value="3"/>
        <WindowIndex Value="0"/>
        <TopLine Value="35"/>
        <CursorPos X="1" Y="62"/>
        <UsageCount Value="35"/>
        <Loaded Value="True"/>
      </Unit13>
      <Unit14>
        <Filename Value="d:\lazarus-svn\lcl\include\canvas.inc"/>
        <WindowIndex Value="0"/>
        <TopLine Value="1212"/>
        <CursorPos X="3" Y="1218"/>
        <UsageCount Value="11"/>
      </Unit14>
      <Unit15>
        <Filename Value="d:\lazarus-svn\lcl\graphics.pp"/>
        <UnitName Value="Graphics"/>
        <EditorIndex Value="2"/>
        <WindowIndex Value="0"/>
        <TopLine Value="34"/>
        <CursorPos X="1" Y="64"/>
        <UsageCount Value="27"/>
        <Loaded Value="True"/>
      </Unit15>
      <Unit16>
        <Filename Value="d:\lazarus-svn\fpc\2.6.2\source\rtl\objpas\classes\classesh.inc"/>
        <EditorIndex Value="7"/>
        <WindowIndex Value="0"/>
        <TopLine Value="248"/>
        <CursorPos X="22" Y="263"/>
        <UsageCount Value="19"/>
        <Loaded Value="True"/>
      </Unit16>
      <Unit17>
        <Filename Value="..\..\xlsbiff8.pas"/>
        <UnitName Value="xlsbiff8"/>
        <EditorIndex Value="10"/>
        <WindowIndex Value="0"/>
        <TopLine Value="185"/>
        <CursorPos X="1" Y="203"/>
        <UsageCount Value="34"/>
        <Loaded Value="True"/>
      </Unit17>
      <Unit18>
        <Filename Value="d:\lazarus-svn\lcl\comctrls.pp"/>
        <UnitName Value="ComCtrls"/>
        <WindowIndex Value="0"/>
        <TopLine Value="537"/>
        <CursorPos X="23" Y="567"/>
        <UsageCount Value="7"/>
      </Unit18>
      <Unit19>
        <Filename Value="d:\lazarus-svn\lcl\include\wincontrol.inc"/>
        <WindowIndex Value="0"/>
        <TopLine Value="7344"/>
        <CursorPos X="30" Y="7349"/>
        <UsageCount Value="13"/>
      </Unit19>
      <Unit20>
        <Filename Value="..\..\xlscommon.pas"/>
        <UnitName Value="xlscommon"/>
        <EditorIndex Value="9"/>
        <WindowIndex Value="0"/>
        <TopLine Value="493"/>
        <CursorPos X="16" Y="514"/>
        <UsageCount Value="30"/>
        <Loaded Value="True"/>
      </Unit20>
      <Unit21>
        <Filename Value="..\..\xlsbiff5.pas"/>
        <UnitName Value="xlsbiff5"/>
        <EditorIndex Value="11"/>
        <WindowIndex Value="0"/>
        <TopLine Value="124"/>
        <CursorPos X="38" Y="143"/>
        <UsageCount Value="17"/>
        <Loaded Value="True"/>
      </Unit21>
      <Unit22>
        <Filename Value="..\..\xlsbiff2.pas"/>
        <UnitName Value="xlsbiff2"/>
        <EditorIndex Value="12"/>
        <WindowIndex Value="0"/>
        <TopLine Value="82"/>
        <CursorPos X="38" Y="101"/>
        <UsageCount Value="18"/>
        <Loaded Value="True"/>
      </Unit22>
      <Unit23>
        <Filename Value="d:\lazarus-svn\lcl\lclproc.pas"/>
        <UnitName Value="LCLProc"/>
        <WindowIndex Value="0"/>
        <TopLine Value="841"/>
        <CursorPos X="19" Y="852"/>
        <UsageCount Value="8"/>
      </Unit23>
      <Unit24>
        <Filename Value="d:\lazarus-svn\fpc\2.6.2\source\packages\fcl-image\src\fpcanvas.pp"/>
        <UnitName Value="FPCanvas"/>
        <WindowIndex Value="0"/>
        <TopLine Value="64"/>
        <CursorPos X="3" Y="83"/>
        <UsageCount Value="14"/>
      </Unit24>
      <Unit25>
        <Filename Value="d:\lazarus-svn\fpc\2.6.2\source\packages\fcl-image\src\fpimage.pp"/>
        <UnitName Value="FPimage"/>
        <WindowIndex Value="0"/>
        <TopLine Value="74"/>
        <CursorPos X="3" Y="93"/>
        <UsageCount Value="9"/>
      </Unit25>
      <Unit26>
        <Filename Value="d:\lazarus-svn\fpc\2.6.2\source\rtl\objpas\classes\lists.inc"/>
        <EditorIndex Value="8"/>
        <WindowIndex Value="0"/>
        <TopLine Value="141"/>
        <CursorPos X="3" Y="143"/>
        <UsageCount Value="17"/>
        <Loaded Value="True"/>
      </Unit26>
    </Units>
    <JumpHistory Count="30" HistoryIndex="29">
      <Position1>
        <Filename Value="..\..\xlsbiff8.pas"/>
        <Caret Line="2500" Column="1" TopLine="2472"/>
      </Position1>
      <Position2>
        <Filename Value="..\..\xlsbiff8.pas"/>
        <Caret Line="2504" Column="1" TopLine="2473"/>
      </Position2>
      <Position3>
        <Filename Value="..\..\xlsbiff8.pas"/>
        <Caret Line="2505" Column="1" TopLine="2474"/>
      </Position3>
      <Position4>
        <Filename Value="..\..\xlsbiff8.pas"/>
        <Caret Line="2508" Column="5" TopLine="2477"/>
      </Position4>
      <Position5>
        <Filename Value="..\..\fpspreadsheetgrid.pas"/>
        <Caret Line="263" Column="21" TopLine="244"/>
      </Position5>
      <Position6>
        <Filename Value="..\..\fpspreadsheetgrid.pas"/>
        <Caret Line="265" Column="1" TopLine="220"/>
      </Position6>
      <Position7>
        <Filename Value="..\..\fpspreadsheetgrid.pas"/>
        <Caret Line="271" Column="1" TopLine="252"/>
      </Position7>
      <Position8>
        <Filename Value="..\..\fpspreadsheetgrid.pas"/>
        <Caret Line="272" Column="1" TopLine="252"/>
      </Position8>
      <Position9>
        <Filename Value="..\..\fpspreadsheetgrid.pas"/>
        <Caret Line="273" Column="1" TopLine="252"/>
      </Position9>
      <Position10>
        <Filename Value="..\..\fpspreadsheetgrid.pas"/>
        <Caret Line="274" Column="1" TopLine="252"/>
      </Position10>
      <Position11>
        <Filename Value="..\..\fpspreadsheetgrid.pas"/>
        <Caret Line="265" Column="1" TopLine="246"/>
      </Position11>
      <Position12>
        <Filename Value="..\..\fpspreadsheetgrid.pas"/>
        <Caret Line="271" Column="1" TopLine="246"/>
      </Position12>
      <Position13>
        <Filename Value="..\..\fpspreadsheetgrid.pas"/>
        <Caret Line="272" Column="1" TopLine="246"/>
      </Position13>
      <Position14>
        <Filename Value="..\..\fpspreadsheetgrid.pas"/>
        <Caret Line="273" Column="1" TopLine="246"/>
      </Position14>
      <Position15>
        <Filename Value="..\..\fpspreadsheetgrid.pas"/>
        <Caret Line="274" Column="1" TopLine="246"/>
      </Position15>
      <Position16>
        <Filename Value="..\..\fpspreadsheetgrid.pas"/>
        <Caret Line="265" Column="1" TopLine="246"/>
      </Position16>
      <Position17>
        <Filename Value="..\..\fpspreadsheetgrid.pas"/>
        <Caret Line="271" Column="1" TopLine="246"/>
      </Position17>
      <Position18>
        <Filename Value="..\..\fpspreadsheetgrid.pas"/>
        <Caret Line="272" Column="1" TopLine="246"/>
      </Position18>
      <Position19>
        <Filename Value="..\..\fpspreadsheetgrid.pas"/>
        <Caret Line="273" Column="1" TopLine="246"/>
      </Position19>
      <Position20>
        <Filename Value="..\..\xlsbiff8.pas"/>
        <Caret Line="2482" Column="52" TopLine="2482"/>
      </Position20>
      <Position21>
        <Filename Value="..\..\xlsbiff8.pas"/>
        <Caret Line="1" Column="1" TopLine="1"/>
      </Position21>
      <Position22>
        <Filename Value="..\..\fpspreadsheetgrid.pas"/>
        <Caret Line="273" Column="35" TopLine="212"/>
      </Position22>
      <Position23>
        <Filename Value="..\..\fpspreadsheet.pas"/>
        <Caret Line="189" Column="35" TopLine="189"/>
      </Position23>
      <Position24>
        <Filename Value="..\..\fpspreadsheet.pas"/>
        <Caret Line="1" Column="1" TopLine="1"/>
      </Position24>
      <Position25>
        <Filename Value="..\..\fpspreadsheet.pas"/>
        <Caret Line="421" Column="17" TopLine="391"/>
      </Position25>
      <Position26>
        <Filename Value="..\..\fpspreadsheet.pas"/>
        <Caret Line="2154" Column="6" TopLine="2154"/>
      </Position26>
      <Position27>
        <Filename Value="..\..\fpspreadsheet.pas"/>
        <Caret Line="1" Column="1" TopLine="1"/>
      </Position27>
      <Position28>
        <Filename Value="..\..\xlsbiff5.pas"/>
        <Caret Line="1581" Column="39" TopLine="1543"/>
      </Position28>
      <Position29>
        <Filename Value="..\..\xlsbiff2.pas"/>
        <Caret Line="1076" Column="29" TopLine="1066"/>
      </Position29>
      <Position30>
        <Filename Value="..\..\fpspreadsheet.pas"/>
        <Caret Line="618" Column="27" TopLine="580"/>
      </Position30>
    </JumpHistory>
  </ProjectOptions>
  <CompilerOptions>
    <Version Value="11"/>
    <PathDelim Value="\"/>
    <SearchPaths>
      <IncludeFiles Value="$(ProjOutDir)"/>
    </SearchPaths>
    <Parsing>
      <SyntaxOptions>
        <UseAnsiStrings Value="False"/>
      </SyntaxOptions>
    </Parsing>
    <Linking>
      <Debugging>
        <DebugInfoType Value="dsStabs"/>
      </Debugging>
      <Options>
        <Win32>
          <GraphicApplication Value="True"/>
        </Win32>
      </Options>
    </Linking>
    <Other>
      <CompilerPath Value="$(CompPath)"/>
    </Other>
  </CompilerOptions>
  <Debugging>
    <Watches Count="2">
      <Item1>
        <Expression Value="lcell^.fontindex"/>
      </Item1>
      <Item2>
        <Expression Value="arow"/>
      </Item2>
    </Watches>
    <Exceptions Count="5">
      <Item1>
        <Name Value="EAbort"/>
      </Item1>
      <Item2>
        <Name Value="ECodetoolError"/>
      </Item2>
      <Item3>
        <Name Value="EFOpenError"/>
      </Item3>
      <Item4>
        <Name Value="Exception"/>
      </Item4>
      <Item5>
        <Name Value="EStreamError"/>
      </Item5>
    </Exceptions>
  </Debugging>
  <EditorMacros Count="0"/>
</CONFIG>
